
Microsoft Visual Studio Solution File, Format Version 12.00
# Visual Studio 15
VisualStudioVersion = 15.0.27428.2037
MinimumVisualStudioVersion = 10.0.40219.1
Project("{FAE04EC0-301F-11D3-BF4B-00C04F79EFBC}") = "ProxyScraper", "ProxyScraper\ProxyScraper.csproj", "{54A50C28-D62E-4172-924F-8898B5DBE048}"
EndProject
Global
	GlobalSection(SolutionConfigurationPlatforms) = preSolution
		Debug|Any CPU = Debug|Any CPU
		Release|Any CPU = Release|Any CPU
	EndGlobalSection
	GlobalSection(ProjectConfigurationPlatforms) = postSolution
		{54A50C28-D62E-4172-924F-8898B5DBE048}.Debug|Any CPU.ActiveCfg = Release|Any CPU
		{54A50C28-D62E-4172-924F-8898B5DBE048}.Debug|Any CPU.Build.0 = Release|Any CPU
		{54A50C28-D62E-4172-924F-8898B5DBE048}.Release|Any CPU.ActiveCfg = Release|Any CPU
		{54A50C28-D62E-4172-924F-8898B5DBE048}.Release|Any CPU.Build.0 = Release|Any CPU
	EndGlobalSection
	GlobalSection(SolutionProperties) = preSolution
		HideSolutionNode = FALSE
	EndGlobalSection
	GlobalSection(ExtensibilityGlobals) = postSolution
		SolutionGuid = {D5EC7C0A-7CBB-4EE2-8BA5-FD29014CC151}
	EndGlobalSection
EndGlobal
